PODS:
  - app_tracking_transparency (0.0.1):
    - Flutter
  - apphud (2.7.4):
    - ApphudSDK (= 3.6.2)
    - Flutter
  - ApphudSDK (3.6.2)
  - appsflyer_sdk (6.17.8):
    - appsflyer_sdk/Core (= 6.17.8)
  - appsflyer_sdk/Core (6.17.8):
    - AppsFlyerFramework (= 6.17.8)
    - Flutter
  - AppsFlyerFramework (6.17.8):
    - AppsFlyerFramework/Main (= 6.17.8)
  - AppsFlyerFramework/Main (6.17.8)
  - Flutter (1.0.0)
  - flutter_contacts (0.0.1):
    - Flutter
  - Google-Mobile-Ads-SDK (11.13.0):
    - GoogleUserMessagingPlatform (>= 1.1)
  - google_mobile_ads (5.3.1):
    - Flutter
    - Google-Mobile-Ads-SDK (~> 11.13.0)
    - webview_flutter_wkwebview
  - GoogleDataTransport (9.4.1):
    - GoogleUtilities/Environment (~> 7.7)
    - nanopb (< 2.30911.0, >= 2.30908.0)
    - PromisesObjC (< 3.0, >= 1.2)
  - GoogleMLKit/BarcodeScanning (6.0.0):
    - GoogleMLKit/MLKitCore
    - MLKitBarcodeScanning (~> 5.0.0)
  - GoogleMLKit/MLKitCore (6.0.0):
    - MLKitCommon (~> 11.0.0)
  - GoogleToolboxForMac/Defines (4.2.1)
  - GoogleToolboxForMac/Logger (4.2.1):
    - GoogleToolboxForMac/Defines (= 4.2.1)
  - "GoogleToolboxForMac/NSData+zlib (4.2.1)":
    - GoogleToolboxForMac/Defines (= 4.2.1)
  - GoogleUserMessagingPlatform (3.1.0)
  - GoogleUtilities/Environment (7.13.3):
    - GoogleUtilities/Privacy
    - PromisesObjC (< 3.0, >= 1.2)
  - GoogleUtilities/Logger (7.13.3):
    - GoogleUtilities/Environment
    - GoogleUtilities/Privacy
  - GoogleUtilities/Privacy (7.13.3)
  - GoogleUtilities/UserDefaults (7.13.3):
    - GoogleUtilities/Logger
    - GoogleUtilities/Privacy
  - GoogleUtilitiesComponents (1.1.0):
    - GoogleUtilities/Logger
  - GTMSessionFetcher/Core (3.5.0)
  - image_gallery_saver_plus (0.0.1):
    - Flutter
  - image_picker_ios (0.0.1):
    - Flutter
  - MLImage (1.0.0-beta5)
  - MLKitBarcodeScanning (5.0.0):
    - MLKitCommon (~> 11.0)
    - MLKitVision (~> 7.0)
  - MLKitCommon (11.0.0):
    - GoogleDataTransport (< 10.0, >= 9.4.1)
    - GoogleToolboxForMac/Logger (< 5.0, >= 4.2.1)
    - "GoogleToolboxForMac/NSData+zlib (< 5.0, >= 4.2.1)"
    - GoogleUtilities/UserDefaults (< 8.0, >= 7.13.0)
    - GoogleUtilitiesComponents (~> 1.0)
    - GTMSessionFetcher/Core (< 4.0, >= 3.3.2)
  - MLKitVision (7.0.0):
    - GoogleToolboxForMac/Logger (< 5.0, >= 4.2.1)
    - "GoogleToolboxForMac/NSData+zlib (< 5.0, >= 4.2.1)"
    - GTMSessionFetcher/Core (< 4.0, >= 3.3.2)
    - MLImage (= 1.0.0-beta5)
    - MLKitCommon (~> 11.0)
  - mobile_scanner (5.2.3):
    - Flutter
    - GoogleMLKit/BarcodeScanning (~> 6.0.0)
  - nanopb (2.30910.0):
    - nanopb/decode (= 2.30910.0)
    - nanopb/encode (= 2.30910.0)
  - nanopb/decode (2.30910.0)
  - nanopb/encode (2.30910.0)
  - package_info_plus (0.4.5):
    - Flutter
  - path_provider_foundation (0.0.1):
    - Flutter
    - FlutterMacOS
  - permission_handler_apple (9.3.0):
    - Flutter
  - PromisesObjC (2.4.0)
  - share_plus (0.0.1):
    - Flutter
  - shared_preferences_foundation (0.0.1):
    - Flutter
    - FlutterMacOS
  - sqflite_darwin (0.0.4):
    - Flutter
    - FlutterMacOS
  - url_launcher_ios (0.0.1):
    - Flutter
  - webview_flutter_wkwebview (0.0.1):
    - Flutter
    - FlutterMacOS
  - wifi_iot (0.0.1):
    - Flutter

DEPENDENCIES:
  - app_tracking_transparency (from `.symlinks/plugins/app_tracking_transparency/ios`)
  - apphud (from `.symlinks/plugins/apphud/ios`)
  - appsflyer_sdk (from `.symlinks/plugins/appsflyer_sdk/ios`)
  - Flutter (from `Flutter`)
  - flutter_contacts (from `.symlinks/plugins/flutter_contacts/ios`)
  - google_mobile_ads (from `.symlinks/plugins/google_mobile_ads/ios`)
  - image_gallery_saver_plus (from `.symlinks/plugins/image_gallery_saver_plus/ios`)
  - image_picker_ios (from `.symlinks/plugins/image_picker_ios/ios`)
  - mobile_scanner (from `.symlinks/plugins/mobile_scanner/ios`)
  - package_info_plus (from `.symlinks/plugins/package_info_plus/ios`)
  - path_provider_foundation (from `.symlinks/plugins/path_provider_foundation/darwin`)
  - permission_handler_apple (from `.symlinks/plugins/permission_handler_apple/ios`)
  - share_plus (from `.symlinks/plugins/share_plus/ios`)
  - shared_preferences_foundation (from `.symlinks/plugins/shared_preferences_foundation/darwin`)
  - sqflite_darwin (from `.symlinks/plugins/sqflite_darwin/darwin`)
  - url_launcher_ios (from `.symlinks/plugins/url_launcher_ios/ios`)
  - webview_flutter_wkwebview (from `.symlinks/plugins/webview_flutter_wkwebview/darwin`)
  - wifi_iot (from `.symlinks/plugins/wifi_iot/ios`)

SPEC REPOS:
  trunk:
    - ApphudSDK
    - AppsFlyerFramework
    - Google-Mobile-Ads-SDK
    - GoogleDataTransport
    - GoogleMLKit
    - GoogleToolboxForMac
    - GoogleUserMessagingPlatform
    - GoogleUtilities
    - GoogleUtilitiesComponents
    - GTMSessionFetcher
    - MLImage
    - MLKitBarcodeScanning
    - MLKitCommon
    - MLKitVision
    - nanopb
    - PromisesObjC

EXTERNAL SOURCES:
  app_tracking_transparency:
    :path: ".symlinks/plugins/app_tracking_transparency/ios"
  apphud:
    :path: ".symlinks/plugins/apphud/ios"
  appsflyer_sdk:
    :path: ".symlinks/plugins/appsflyer_sdk/ios"
  Flutter:
    :path: Flutter
  flutter_contacts:
    :path: ".symlinks/plugins/flutter_contacts/ios"
  google_mobile_ads:
    :path: ".symlinks/plugins/google_mobile_ads/ios"
  image_gallery_saver_plus:
    :path: ".symlinks/plugins/image_gallery_saver_plus/ios"
  image_picker_ios:
    :path: ".symlinks/plugins/image_picker_ios/ios"
  mobile_scanner:
    :path: ".symlinks/plugins/mobile_scanner/ios"
  package_info_plus:
    :path: ".symlinks/plugins/package_info_plus/ios"
  path_provider_foundation:
    :path: ".symlinks/plugins/path_provider_foundation/darwin"
  permission_handler_apple:
    :path: ".symlinks/plugins/permission_handler_apple/ios"
  share_plus:
    :path: ".symlinks/plugins/share_plus/ios"
  shared_preferences_foundation:
    :path: ".symlinks/plugins/shared_preferences_foundation/darwin"
  sqflite_darwin:
    :path: ".symlinks/plugins/sqflite_darwin/darwin"
  url_launcher_ios:
    :path: ".symlinks/plugins/url_launcher_ios/ios"
  webview_flutter_wkwebview:
    :path: ".symlinks/plugins/webview_flutter_wkwebview/darwin"
  wifi_iot:
    :path: ".symlinks/plugins/wifi_iot/ios"

SPEC CHECKSUMS:
  app_tracking_transparency: 3d84f147f67ca82d3c15355c36b1fa6b66ca7c92
  apphud: a7a8e61480b886ec89e28cd5cc35b5438d7a1cc8
  ApphudSDK: 787b3f4f41427a07f4f8d02590470f31f567cfdf
  appsflyer_sdk: 219a6c5cb0343de60c7f259ecdb202084274359e
  AppsFlyerFramework: 63577b60d6b9fcdab60135289979e7d1c9ec79b9
  Flutter: cabc95a1d2626b1b06e7179b784ebcf0c0cde467
  flutter_contacts: 2ec1d6b62ca2869c3bbb3871bd74d4e3ef157135
  Google-Mobile-Ads-SDK: 14f57f2dc33532a24db288897e26494640810407
  google_mobile_ads: 16ad301354fa6a7ea55770c6254bd4339bf8558b
  GoogleDataTransport: 6c09b596d841063d76d4288cc2d2f42cc36e1e2a
  GoogleMLKit: 97ac7af399057e99182ee8edfa8249e3226a4065
  GoogleToolboxForMac: d1a2cbf009c453f4d6ded37c105e2f67a32206d8
  GoogleUserMessagingPlatform: befe603da6501006420c206222acd449bba45a9c
  GoogleUtilities: ea963c370a38a8069cc5f7ba4ca849a60b6d7d15
  GoogleUtilitiesComponents: 679b2c881db3b615a2777504623df6122dd20afe
  GTMSessionFetcher: 5aea5ba6bd522a239e236100971f10cb71b96ab6
  image_gallery_saver_plus: e597bf65a7846979417a3eae0763b71b6dfec6c3
  image_picker_ios: e0ece4aa2a75771a7de3fa735d26d90817041326
  MLImage: 1824212150da33ef225fbd3dc49f184cf611046c
  MLKitBarcodeScanning: 10ca0845a6d15f2f6e911f682a1998b68b973e8b
  MLKitCommon: afec63980417d29ffbb4790529a1b0a2291699e1
  MLKitVision: e858c5f125ecc288e4a31127928301eaba9ae0c1
  mobile_scanner: 92e8812bf22a8f84131e2a7f9d0f44dad1a4742b
  nanopb: 438bc412db1928dac798aa6fd75726007be04262
  package_info_plus: af8e2ca6888548050f16fa2f1938db7b5a5df499
  path_provider_foundation: bb55f6dbba17d0dccd6737fe6f7f34fbd0376880
  permission_handler_apple: 4ed2196e43d0651e8ff7ca3483a069d469701f2d
  PromisesObjC: f5707f49cb48b9636751c5b2e7d227e43fba9f47
  share_plus: 011d6fb4f9d2576b83179a3a5c5e323202cdabcf
  shared_preferences_foundation: 7036424c3d8ec98dfe75ff1667cb0cd531ec82bb
  sqflite_darwin: 20b2a3a3b70e43edae938624ce550a3cbf66a3d0
  url_launcher_ios: 7a95fa5b60cc718a708b8f2966718e93db0cef1b
  webview_flutter_wkwebview: 8ebf4fded22593026f7dbff1fbff31ea98573c8d
  wifi_iot: f645260a2be8608517b2a9bf4c39b98e97003acc

PODFILE CHECKSUM: 1b4e38c5a7977b1d2784dfb12c349b2547df92da

COCOAPODS: 1.16.2
